// !$*UTF8*$!
{
	archiveVersion = 1;
	classes = {
	};
	objectVersion = 48;
	objects = {

/* Begin PBXBuildFile section */
		EEE4A4792098257E00044C79 /* AppDelegate.m in Sources */ = {isa = PBXBuildFile; fileRef = EEE4A4782098257E00044C79 /* AppDelegate.m */; };
		EEE4A47C2098257E00044C79 /* ViewController.m in Sources */ = {isa = PBXBuildFile; fileRef = EEE4A47B2098257E00044C79 /* ViewController.m */; };
		EEE4A47E2098257E00044C79 /* Assets.xcassets in Resources */ = {isa = PBXBuildFile; fileRef = EEE4A47D2098257E00044C79 /* Assets.xcassets */; };
		EEE4A4812098257E00044C79 /* Main.storyboard in Resources */ = {isa = PBXBuildFile; fileRef = EEE4A47F2098257E00044C79 /* Main.storyboard */; };
		EEE4A4842098257E00044C79 /* main.m in Sources */ = {isa = PBXBuildFile; fileRef = EEE4A4832098257E00044C79 /* main.m */; };
		EEE4A48D209825CD00044C79 /* AbstractFactory.m in Sources */ = {isa = PBXBuildFile; fileRef = EEE4A48C209825CD00044C79 /* AbstractFactory.m */; };
		EEE4A4902098261500044C79 /* ConcreteFactory1.m in Sources */ = {isa = PBXBuildFile; fileRef = EEE4A48F2098261500044C79 /* ConcreteFactory1.m */; };
		EEE4A4932098262300044C79 /* ConcreteFactory2.m in Sources */ = {isa = PBXBuildFile; fileRef = EEE4A4922098262300044C79 /* ConcreteFactory2.m */; };
		EEE4A4962098263500044C79 /* AbstractProductA.m in Sources */ = {isa = PBXBuildFile; fileRef = EEE4A4952098263500044C79 /* AbstractProductA.m */; };
		EEE4A4992098264900044C79 /* AbstractProductB.m in Sources */ = {isa = PBXBuildFile; fileRef = EEE4A4982098264900044C79 /* AbstractProductB.m */; };
		EEE4A49F2098267400044C79 /* ProductA2.m in Sources */ = {isa = PBXBuildFile; fileRef = EEE4A49E2098267400044C79 /* ProductA2.m */; };
		EEE4A4A22098268100044C79 /* ProductA1.m in Sources */ = {isa = PBXBuildFile; fileRef = EEE4A4A12098268100044C79 /* ProductA1.m */; };
		EEE4A4A5209826AF00044C79 /* ProductB1.m in Sources */ = {isa = PBXBuildFile; fileRef = EEE4A4A4209826AF00044C79 /* ProductB1.m */; };
		EEE4A4A8209826C500044C79 /* ProductB2.m in Sources */ = {isa = PBXBuildFile; fileRef = EEE4A4A7209826C500044C79 /* ProductB2.m */; };
/* End PBXBuildFile section */

/* Begin PBXFileReference section */
		EEE4A4742098257E00044C79 /* DesignPatterns-AbstractorFactory.app */ = {isa = PBXFileReference; explicitFileType = wrapper.application; includeInIndex = 0; path = "DesignPatterns-AbstractorFactory.app"; sourceTree = BUILT_PRODUCTS_DIR; };
		EEE4A4772098257E00044C79 /* AppDelegate.h */ = {isa = PBXFileReference; lastKnownFileType = sourcecode.c.h; path = AppDelegate.h; sourceTree = "<group>"; };
		EEE4A4782098257E00044C79 /* AppDelegate.m */ = {isa = PBXFileReference; lastKnownFileType = sourcecode.c.objc; path = AppDelegate.m; sourceTree = "<group>"; };
		EEE4A47A2098257E00044C79 /* ViewController.h */ = {isa = PBXFileReference; lastKnownFileType = sourcecode.c.h; path = ViewController.h; sourceTree = "<group>"; };
		EEE4A47B2098257E00044C79 /* ViewController.m */ = {isa = PBXFileReference; lastKnownFileType = sourcecode.c.objc; path = ViewController.m; sourceTree = "<group>"; };
		EEE4A47D2098257E00044C79 /* Assets.xcassets */ = {isa = PBXFileReference; lastKnownFileType = folder.assetcatalog; path = Assets.xcassets; sourceTree = "<group>"; };
		EEE4A4802098257E00044C79 /* Base */ = {isa = PBXFileReference; lastKnownFileType = file.storyboard; name = Base; path = Base.lproj/Main.storyboard; sourceTree = "<group>"; };
		EEE4A4822098257E00044C79 /* Info.plist */ = {isa = PBXFileReference; lastKnownFileType = text.plist.xml; path = Info.plist; sourceTree = "<group>"; };
		EEE4A4832098257E00044C79 /* main.m */ = {isa = PBXFileReference; lastKnownFileType = sourcecode.c.objc; path = main.m; sourceTree = "<group>"; };
		EEE4A4852098257E00044C79 /* DesignPatterns_AbstractorFactory.entitlements */ = {isa = PBXFileReference; lastKnownFileType = text.plist.entitlements; path = DesignPatterns_AbstractorFactory.entitlements; sourceTree = "<group>"; };
		EEE4A48B209825CD00044C79 /* AbstractFactory.h */ = {isa = PBXFileReference; lastKnownFileType = sourcecode.c.h; path = AbstractFactory.h; sourceTree = "<group>"; };
		EEE4A48C209825CD00044C79 /* AbstractFactory.m */ = {isa = PBXFileReference; lastKnownFileType = sourcecode.c.objc; path = AbstractFactory.m; sourceTree = "<group>"; };
		EEE4A48E2098261500044C79 /* ConcreteFactory1.h */ = {isa = PBXFileReference; lastKnownFileType = sourcecode.c.h; path = ConcreteFactory1.h; sourceTree = "<group>"; };
		EEE4A48F2098261500044C79 /* ConcreteFactory1.m */ = {isa = PBXFileReference; lastKnownFileType = sourcecode.c.objc; path = ConcreteFactory1.m; sourceTree = "<group>"; };
		EEE4A4912098262300044C79 /* ConcreteFactory2.h */ = {isa = PBXFileReference; lastKnownFileType = sourcecode.c.h; path = ConcreteFactory2.h; sourceTree = "<group>"; };
		EEE4A4922098262300044C79 /* ConcreteFactory2.m */ = {isa = PBXFileReference; lastKnownFileType = sourcecode.c.objc; path = ConcreteFactory2.m; sourceTree = "<group>"; };
		EEE4A4942098263500044C79 /* AbstractProductA.h */ = {isa = PBXFileReference; lastKnownFileType = sourcecode.c.h; path = AbstractProductA.h; sourceTree = "<group>"; };
		EEE4A4952098263500044C79 /* AbstractProductA.m */ = {isa = PBXFileReference; lastKnownFileType = sourcecode.c.objc; path = AbstractProductA.m; sourceTree = "<group>"; };
		EEE4A4972098264900044C79 /* AbstractProductB.h */ = {isa = PBXFileReference; lastKnownFileType = sourcecode.c.h; path = AbstractProductB.h; sourceTree = "<group>"; };
		EEE4A4982098264900044C79 /* AbstractProductB.m */ = {isa = PBXFileReference; lastKnownFileType = sourcecode.c.objc; path = AbstractProductB.m; sourceTree = "<group>"; };
		EEE4A49D2098267400044C79 /* ProductA2.h */ = {isa = PBXFileReference; lastKnownFileType = sourcecode.c.h; path = ProductA2.h; sourceTree = "<group>"; };
		EEE4A49E2098267400044C79 /* ProductA2.m */ = {isa = PBXFileReference; lastKnownFileType = sourcecode.c.objc; path = ProductA2.m; sourceTree = "<group>"; };
		EEE4A4A02098268100044C79 /* ProductA1.h */ = {isa = PBXFileReference; lastKnownFileType = sourcecode.c.h; path = ProductA1.h; sourceTree = "<group>"; };
		EEE4A4A12098268100044C79 /* ProductA1.m */ = {isa = PBXFileReference; lastKnownFileType = sourcecode.c.objc; path = ProductA1.m; sourceTree = "<group>"; };
		EEE4A4A3209826AF00044C79 /* ProductB1.h */ = {isa = PBXFileReference; lastKnownFileType = sourcecode.c.h; path = ProductB1.h; sourceTree = "<group>"; };
		EEE4A4A4209826AF00044C79 /* ProductB1.m */ = {isa = PBXFileReference; lastKnownFileType = sourcecode.c.objc; path = ProductB1.m; sourceTree = "<group>"; };
		EEE4A4A6209826C500044C79 /* ProductB2.h */ = {isa = PBXFileReference; lastKnownFileType = sourcecode.c.h; path = ProductB2.h; sourceTree = "<group>"; };
		EEE4A4A7209826C500044C79 /* ProductB2.m */ = {isa = PBXFileReference; lastKnownFileType = sourcecode.c.objc; path = ProductB2.m; sourceTree = "<group>"; };
/* End PBXFileReference section */

/* Begin PBXFrameworksBuildPhase section */
		EEE4A4712098257E00044C79 /* Frameworks */ = {
			isa = PBXFrameworksBuildPhase;
			buildActionMask = 2147483647;
			files = (
			);
			runOnlyForDeploymentPostprocessing = 0;
		};
/* End PBXFrameworksBuildPhase section */

/* Begin PBXGroup section */
		EEE4A46B2098257E00044C79 = {
			isa = PBXGroup;
			children = (
				EEE4A4762098257E00044C79 /* DesignPatterns-AbstractorFactory */,
				EEE4A4752098257E00044C79 /* Products */,
			);
			sourceTree = "<group>";
		};
		EEE4A4752098257E00044C79 /* Products */ = {
			isa = PBXGroup;
			children = (
				EEE4A4742098257E00044C79 /* DesignPatterns-AbstractorFactory.app */,
			);
			name = Products;
			sourceTree = "<group>";
		};
		EEE4A4762098257E00044C79 /* DesignPatterns-AbstractorFactory */ = {
			isa = PBXGroup;
			children = (
				EEE4A4772098257E00044C79 /* AppDelegate.h */,
				EEE4A4782098257E00044C79 /* AppDelegate.m */,
				EEE4A48B209825CD00044C79 /* AbstractFactory.h */,
				EEE4A48C209825CD00044C79 /* AbstractFactory.m */,
				EEE4A48E2098261500044C79 /* ConcreteFactory1.h */,
				EEE4A48F2098261500044C79 /* ConcreteFactory1.m */,
				EEE4A4912098262300044C79 /* ConcreteFactory2.h */,
				EEE4A4922098262300044C79 /* ConcreteFactory2.m */,
				EEE4A4942098263500044C79 /* AbstractProductA.h */,
				EEE4A4952098263500044C79 /* AbstractProductA.m */,
				EEE4A4972098264900044C79 /* AbstractProductB.h */,
				EEE4A4982098264900044C79 /* AbstractProductB.m */,
				EEE4A49D2098267400044C79 /* ProductA2.h */,
				EEE4A49E2098267400044C79 /* ProductA2.m */,
				EEE4A4A02098268100044C79 /* ProductA1.h */,
				EEE4A4A12098268100044C79 /* ProductA1.m */,
				EEE4A4A3209826AF00044C79 /* ProductB1.h */,
				EEE4A4A4209826AF00044C79 /* ProductB1.m */,
				EEE4A4A6209826C500044C79 /* ProductB2.h */,
				EEE4A4A7209826C500044C79 /* ProductB2.m */,
				EEE4A47A2098257E00044C79 /* ViewController.h */,
				EEE4A47B2098257E00044C79 /* ViewController.m */,
				EEE4A47D2098257E00044C79 /* Assets.xcassets */,
				EEE4A47F2098257E00044C79 /* Main.storyboard */,
				EEE4A4822098257E00044C79 /* Info.plist */,
				EEE4A4832098257E00044C79 /* main.m */,
				EEE4A4852098257E00044C79 /* DesignPatterns_AbstractorFactory.entitlements */,
			);
			path = "DesignPatterns-AbstractorFactory";
			sourceTree = "<group>";
		};
/* End PBXGroup section */

/* Begin PBXNativeTarget section */
		EEE4A4732098257E00044C79 /* DesignPatterns-AbstractorFactory */ = {
			isa = PBXNativeTarget;
			buildConfigurationList = EEE4A4882098257E00044C79 /* Build configuration list for PBXNativeTarget "DesignPatterns-AbstractorFactory" */;
			buildPhases = (
				EEE4A4702098257E00044C79 /* Sources */,
				EEE4A4712098257E00044C79 /* Frameworks */,
				EEE4A4722098257E00044C79 /* Resources */,
			);
			buildRules = (
			);
			dependencies = (
			);
			name = "DesignPatterns-AbstractorFactory";
			productName = "DesignPatterns-AbstractorFactory";
			productReference = EEE4A4742098257E00044C79 /* DesignPatterns-AbstractorFactory.app */;
			productType = "com.apple.product-type.application";
		};
/* End PBXNativeTarget section */

/* Begin PBXProject section */
		EEE4A46C2098257E00044C79 /* Project object */ = {
			isa = PBXProject;
			attributes = {
				LastUpgradeCheck = 0900;
				ORGANIZATIONNAME = jinren;
				TargetAttributes = {
					EEE4A4732098257E00044C79 = {
						CreatedOnToolsVersion = 9.0;
						ProvisioningStyle = Automatic;
					};
				};
			};
			buildConfigurationList = EEE4A46F2098257E00044C79 /* Build configuration list for PBXProject "DesignPatterns-AbstractorFactory" */;
			compatibilityVersion = "Xcode 8.0";
			developmentRegion = en;
			hasScannedForEncodings = 0;
			knownRegions = (
				en,
				Base,
			);
			mainGroup = EEE4A46B2098257E00044C79;
			productRefGroup = EEE4A4752098257E00044C79 /* Products */;
			projectDirPath = "";
			projectRoot = "";
			targets = (
				EEE4A4732098257E00044C79 /* DesignPatterns-AbstractorFactory */,
			);
		};
/* End PBXProject section */

/* Begin PBXResourcesBuildPhase section */
		EEE4A4722098257E00044C79 /* Resources */ = {
			isa = PBXResourcesBuildPhase;
			buildActionMask = 2147483647;
			files = (
				EEE4A47E2098257E00044C79 /* Assets.xcassets in Resources */,
				EEE4A4812098257E00044C79 /* Main.storyboard in Resources */,
			);
			runOnlyForDeploymentPostprocessing = 0;
		};
/* End PBXResourcesBuildPhase section */

/* Begin PBXSourcesBuildPhase section */
		EEE4A4702098257E00044C79 /* Sources */ = {
			isa = PBXSourcesBuildPhase;
			buildActionMask = 2147483647;
			files = (
				EEE4A4932098262300044C79 /* ConcreteFactory2.m in Sources */,
				EEE4A4A22098268100044C79 /* ProductA1.m in Sources */,
				EEE4A49F2098267400044C79 /* ProductA2.m in Sources */,
				EEE4A4962098263500044C79 /* AbstractProductA.m in Sources */,
				EEE4A48D209825CD00044C79 /* AbstractFactory.m in Sources */,
				EEE4A4902098261500044C79 /* ConcreteFactory1.m in Sources */,
				EEE4A4A5209826AF00044C79 /* ProductB1.m in Sources */,
				EEE4A4A8209826C500044C79 /* ProductB2.m in Sources */,
				EEE4A4992098264900044C79 /* AbstractProductB.m in Sources */,
				EEE4A47C2098257E00044C79 /* ViewController.m in Sources */,
				EEE4A4842098257E00044C79 /* main.m in Sources */,
				EEE4A4792098257E00044C79 /* AppDelegate.m in Sources */,
			);
			runOnlyForDeploymentPostprocessing = 0;
		};
/* End PBXSourcesBuildPhase section */

/* Begin PBXVariantGroup section */
		EEE4A47F2098257E00044C79 /* Main.storyboard */ = {
			isa = PBXVariantGroup;
			children = (
				EEE4A4802098257E00044C79 /* Base */,
			);
			name = Main.storyboard;
			sourceTree = "<group>";
		};
/* End PBXVariantGroup section */

/* Begin XCBuildConfiguration section */
		EEE4A4862098257E00044C79 /* Debug */ = {
			isa = XCBuildConfiguration;
			buildSettings = {
				ALWAYS_SEARCH_USER_PATHS = NO;
				CLANG_ANALYZER_NONNULL = YES;
				CLANG_ANALYZER_NUMBER_OBJECT_CONVERSION = YES_AGGRESSIVE;
				CLANG_CXX_LANGUAGE_STANDARD = "gnu++14";
				CLANG_CXX_LIBRARY = "libc++";
				CLANG_ENABLE_MODULES = YES;
				CLANG_ENABLE_OBJC_ARC = YES;
				CLANG_WARN_BLOCK_CAPTURE_AUTORELEASING = YES;
				CLANG_WARN_BOOL_CONVERSION = YES;
				CLANG_WARN_COMMA = YES;
				CLANG_WARN_CONSTANT_CONVERSION = YES;
				CLANG_WARN_DIRECT_OBJC_ISA_USAGE = YES_ERROR;
				CLANG_WARN_DOCUMENTATION_COMMENTS = YES;
				CLANG_WARN_EMPTY_BODY = YES;
				CLANG_WARN_ENUM_CONVERSION = YES;
				CLANG_WARN_INFINITE_RECURSION = YES;
				CLANG_WARN_INT_CONVERSION = YES;
				CLANG_WARN_NON_LITERAL_NULL_CONVERSION = YES;
				CLANG_WARN_OBJC_LITERAL_CONVERSION = YES;
				CLANG_WARN_OBJC_ROOT_CLASS = YES_ERROR;
				CLANG_WARN_RANGE_LOOP_ANALYSIS = YES;
				CLANG_WARN_STRICT_PROTOTYPES = YES;
				CLANG_WARN_SUSPICIOUS_MOVE = YES;
				CLANG_WARN_UNGUARDED_AVAILABILITY = YES_AGGRESSIVE;
				CLANG_WARN_UNREACHABLE_CODE = YES;
				CLANG_WARN__DUPLICATE_METHOD_MATCH = YES;
				CODE_SIGN_IDENTITY = "Mac Developer";
				COPY_PHASE_STRIP = NO;
				DEBUG_INFORMATION_FORMAT = dwarf;
				ENABLE_STRICT_OBJC_MSGSEND = YES;
				ENABLE_TESTABILITY = YES;
				GCC_C_LANGUAGE_STANDARD = gnu11;
				GCC_DYNAMIC_NO_PIC = NO;
				GCC_NO_COMMON_BLOCKS = YES;
				GCC_OPTIMIZATION_LEVEL = 0;
				GCC_PREPROCESSOR_DEFINITIONS = (
					"DEBUG=1",
					"$(inherited)",
				);
				GCC_WARN_64_TO_32_BIT_CONVERSION = YES;
				GCC_WARN_ABOUT_RETURN_TYPE = YES_ERROR;
				GCC_WARN_UNDECLARED_SELECTOR = YES;
				GCC_WARN_UNINITIALIZED_AUTOS = YES_AGGRESSIVE;
				GCC_WARN_UNUSED_FUNCTION = YES;
				GCC_WARN_UNUSED_VARIABLE = YES;
				MACOSX_DEPLOYMENT_TARGET = 10.12;
				MTL_ENABLE_DEBUG_INFO = YES;
				ONLY_ACTIVE_ARCH = YES;
				SDKROOT = macosx;
			};
			name = Debug;
		};
		EEE4A4872098257E00044C79 /* Release */ = {
			isa = XCBuildConfiguration;
			buildSettings = {
				ALWAYS_SEARCH_USER_PATHS = NO;
				CLANG_ANALYZER_NONNULL = YES;
				CLANG_ANALYZER_NUMBER_OBJECT_CONVERSION = YES_AGGRESSIVE;
				CLANG_CXX_LANGUAGE_STANDARD = "gnu++14";
				CLANG_CXX_LIBRARY = "libc++";
				CLANG_ENABLE_MODULES = YES;
				CLANG_ENABLE_OBJC_ARC = YES;
				CLANG_WARN_BLOCK_CAPTURE_AUTORELEASING = YES;
				CLANG_WARN_BOOL_CONVERSION = YES;
				CLANG_WARN_COMMA = YES;
				CLANG_WARN_CONSTANT_CONVERSION = YES;
				CLANG_WARN_DIRECT_OBJC_ISA_USAGE = YES_ERROR;
				CLANG_WARN_DOCUMENTATION_COMMENTS = YES;
				CLANG_WARN_EMPTY_BODY = YES;
				CLANG_WARN_ENUM_CONVERSION = YES;
				CLANG_WARN_INFINITE_RECURSION = YES;
				CLANG_WARN_INT_CONVERSION = YES;
				CLANG_WARN_NON_LITERAL_NULL_CONVERSION = YES;
				CLANG_WARN_OBJC_LITERAL_CONVERSION = YES;
				CLANG_WARN_OBJC_ROOT_CLASS = YES_ERROR;
				CLANG_WARN_RANGE_LOOP_ANALYSIS = YES;
				CLANG_WARN_STRICT_PROTOTYPES = YES;
				CLANG_WARN_SUSPICIOUS_MOVE = YES;
				CLANG_WARN_UNGUARDED_AVAILABILITY = YES_AGGRESSIVE;
				CLANG_WARN_UNREACHABLE_CODE = YES;
				CLANG_WARN__DUPLICATE_METHOD_MATCH = YES;
				CODE_SIGN_IDENTITY = "Mac Developer";
				COPY_PHASE_STRIP = NO;
				DEBUG_INFORMATION_FORMAT = "dwarf-with-dsym";
				ENABLE_NS_ASSERTIONS = NO;
				ENABLE_STRICT_OBJC_MSGSEND = YES;
				GCC_C_LANGUAGE_STANDARD = gnu11;
				GCC_NO_COMMON_BLOCKS = YES;
				GCC_WARN_64_TO_32_BIT_CONVERSION = YES;
				GCC_WARN_ABOUT_RETURN_TYPE = YES_ERROR;
				GCC_WARN_UNDECLARED_SELECTOR = YES;
				GCC_WARN_UNINITIALIZED_AUTOS = YES_AGGRESSIVE;
				GCC_WARN_UNUSED_FUNCTION = YES;
				GCC_WARN_UNUSED_VARIABLE = YES;
				MACOSX_DEPLOYMENT_TARGET = 10.12;
				MTL_ENABLE_DEBUG_INFO = NO;
				SDKROOT = macosx;
			};
			name = Release;
		};
		EEE4A4892098257E00044C79 /* Debug */ = {
			isa = XCBuildConfiguration;
			buildSettings = {
				ASSETCATALOG_COMPILER_APPICON_NAME = AppIcon;
				CODE_SIGN_ENTITLEMENTS = "DesignPatterns-AbstractorFactory/DesignPatterns_AbstractorFactory.entitlements";
				CODE_SIGN_STYLE = Automatic;
				COMBINE_HIDPI_IMAGES = YES;
				DEVELOPMENT_TEAM = 49XFPF8C85;
				INFOPLIST_FILE = "DesignPatterns-AbstractorFactory/Info.plist";
				LD_RUNPATH_SEARCH_PATHS = "$(inherited) @executable_path/../Frameworks";
				PRODUCT_BUNDLE_IDENTIFIER = "com.cisco.DesignPatterns-AbstractorFactory";
				PRODUCT_NAME = "$(TARGET_NAME)";
			};
			name = Debug;
		};
		EEE4A48A2098257E00044C79 /* Release */ = {
			isa = XCBuildConfiguration;
			buildSettings = {
				ASSETCATALOG_COMPILER_APPICON_NAME = AppIcon;
				CODE_SIGN_ENTITLEMENTS = "DesignPatterns-AbstractorFactory/DesignPatterns_AbstractorFactory.entitlements";
				CODE_SIGN_STYLE = Automatic;
				COMBINE_HIDPI_IMAGES = YES;
				DEVELOPMENT_TEAM = 49XFPF8C85;
				INFOPLIST_FILE = "DesignPatterns-AbstractorFactory/Info.plist";
				LD_RUNPATH_SEARCH_PATHS = "$(inherited) @executable_path/../Frameworks";
				PRODUCT_BUNDLE_IDENTIFIER = "com.cisco.DesignPatterns-AbstractorFactory";
				PRODUCT_NAME = "$(TARGET_NAME)";
			};
			name = Release;
		};
/* End XCBuildConfiguration section */

/* Begin XCConfigurationList section */
		EEE4A46F2098257E00044C79 /* Build configuration list for PBXProject "DesignPatterns-AbstractorFactory" */ = {
			isa = XCConfigurationList;
			buildConfigurations = (
				EEE4A4862098257E00044C79 /* Debug */,
				EEE4A4872098257E00044C79 /* Release */,
			);
			defaultConfigurationIsVisible = 0;
			defaultConfigurationName = Release;
		};
		EEE4A4882098257E00044C79 /* Build configuration list for PBXNativeTarget "DesignPatterns-AbstractorFactory" */ = {
			isa = XCConfigurationList;
			buildConfigurations = (
				EEE4A4892098257E00044C79 /* Debug */,
				EEE4A48A2098257E00044C79 /* Release */,
			);
			defaultConfigurationIsVisible = 0;
			defaultConfigurationName = Release;
		};
/* End XCConfigurationList section */
	};
	rootObject = EEE4A46C2098257E00044C79 /* Project object */;
}
